
Microsoft Visual Studio Solution File, Format Version 12.00
Project("{2150E333-8FDC-42A3-9474-1A3956D46DE8}") = "Solution Items", "Solution Items", "{98F5FC1A-7941-466C-9A80-1DA2866EF32B}"
	ProjectSection(SolutionItems) = preProject
		docker-compose.yml = docker-compose.yml
		.gitignore = .gitignore
	EndProjectSection
EndProject
Project("{FAE04EC0-301F-11D3-BF4B-00C04F79EFBC}") = "CV.Domain", "CV.Domain\CV.Domain.csproj", "{3D394ACD-4B6A-45B3-81B4-E4AC4102E189}"
EndProject
Project("{FAE04EC0-301F-11D3-BF4B-00C04F79EFBC}") = "CV.Api", "CV.Api\CV.Api.csproj", "{A3AB94B9-BF30-43AB-B5C9-324254049A78}"
EndProject
Project("{FAE04EC0-301F-11D3-BF4B-00C04F79EFBC}") = "CV.Domain.UnitTests", "CV.Domain.UnitTests\CV.Domain.UnitTests.csproj", "{2FD56095-80C5-4601-BD25-2FF17EC59006}"
EndProject
Global
	GlobalSection(SolutionConfigurationPlatforms) = preSolution
		Debug|Any CPU = Debug|Any CPU
		Release|Any CPU = Release|Any CPU
	EndGlobalSection
	GlobalSection(ProjectConfigurationPlatforms) = postSolution
		{3D394ACD-4B6A-45B3-81B4-E4AC4102E189}.Debug|Any CPU.ActiveCfg = Debug|Any CPU
		{3D394ACD-4B6A-45B3-81B4-E4AC4102E189}.Debug|Any CPU.Build.0 = Debug|Any CPU
		{3D394ACD-4B6A-45B3-81B4-E4AC4102E189}.Release|Any CPU.ActiveCfg = Release|Any CPU
		{3D394ACD-4B6A-45B3-81B4-E4AC4102E189}.Release|Any CPU.Build.0 = Release|Any CPU
		{A3AB94B9-BF30-43AB-B5C9-324254049A78}.Debug|Any CPU.ActiveCfg = Debug|Any CPU
		{A3AB94B9-BF30-43AB-B5C9-324254049A78}.Debug|Any CPU.Build.0 = Debug|Any CPU
		{A3AB94B9-BF30-43AB-B5C9-324254049A78}.Release|Any CPU.ActiveCfg = Release|Any CPU
		{A3AB94B9-BF30-43AB-B5C9-324254049A78}.Release|Any CPU.Build.0 = Release|Any CPU
		{2FD56095-80C5-4601-BD25-2FF17EC59006}.Debug|Any CPU.ActiveCfg = Debug|Any CPU
		{2FD56095-80C5-4601-BD25-2FF17EC59006}.Debug|Any CPU.Build.0 = Debug|Any CPU
		{2FD56095-80C5-4601-BD25-2FF17EC59006}.Release|Any CPU.ActiveCfg = Release|Any CPU
		{2FD56095-80C5-4601-BD25-2FF17EC59006}.Release|Any CPU.Build.0 = Release|Any CPU
	EndGlobalSection
EndGlobal
